
Microsoft Visual Studio Solution File, Format Version 12.00
# Visual Studio Version 16
VisualStudioVersion = 16.0.31005.135
MinimumVisualStudioVersion = 10.0.40219.1
Project("{FAE04EC0-301F-11D3-BF4B-00C04F79EFBC}") = "Sales_System", "Sales_System\Sales_System.csproj", "{ED98E300-45AA-4893-83D7-04CCFEC26204}"
EndProject
Global
	GlobalSection(SolutionConfigurationPlatforms) = preSolution
		Debug|Any CPU = Debug|Any CPU
		Release|Any CPU = Release|Any CPU
	EndGlobalSection
	GlobalSection(ProjectConfigurationPlatforms) = postSolution
		{ED98E300-45AA-4893-83D7-04CCFEC26204}.Debug|Any CPU.ActiveCfg = Debug|Any CPU
		{ED98E300-45AA-4893-83D7-04CCFEC26204}.Debug|Any CPU.Build.0 = Debug|Any CPU
		{ED98E300-45AA-4893-83D7-04CCFEC26204}.Release|Any CPU.ActiveCfg = Release|Any CPU
		{ED98E300-45AA-4893-83D7-04CCFEC26204}.Release|Any CPU.Build.0 = Release|Any CPU
	EndGlobalSection
	GlobalSection(SolutionProperties) = preSolution
		HideSolutionNode = FALSE
	EndGlobalSection
	GlobalSection(ExtensibilityGlobals) = postSolution
		SolutionGuid = {792E912A-110E-445C-A688-7621C571F24F}
	EndGlobalSection
EndGlobal
